
Microsoft Visual Studio Solution File, Format Version 12.00
# Visual Studio Version 16
VisualStudioVersion = 16.0.30621.155
MinimumVisualStudioVersion = 10.0.40219.1
Project("{FAE04EC0-301F-11D3-BF4B-00C04F79EFBC}") = "WebApplication35", "WebApplication35.csproj", "{DF9FB49B-BE28-4360-867C-7AF21E1C6CEE}"
EndProject
Global
	GlobalSection(SolutionConfigurationPlatforms) = preSolution
		Debug|Any CPU = Debug|Any CPU
		Release|Any CPU = Release|Any CPU
	EndGlobalSection
	GlobalSection(ProjectConfigurationPlatforms) = postSolution
		{DF9FB49B-BE28-4360-867C-7AF21E1C6CEE}.Debug|Any CPU.ActiveCfg = Debug|Any CPU
		{DF9FB49B-BE28-4360-867C-7AF21E1C6CEE}.Debug|Any CPU.Build.0 = Debug|Any CPU
		{DF9FB49B-BE28-4360-867C-7AF21E1C6CEE}.Release|Any CPU.ActiveCfg = Release|Any CPU
		{DF9FB49B-BE28-4360-867C-7AF21E1C6CEE}.Release|Any CPU.Build.0 = Release|Any CPU
	EndGlobalSection
	GlobalSection(SolutionProperties) = preSolution
		HideSolutionNode = FALSE
	EndGlobalSection
	GlobalSection(ExtensibilityGlobals) = postSolution
		SolutionGuid = {3814D4FA-75F8-4CAD-B589-A8862A71CBB5}
	EndGlobalSection
EndGlobal
